// !$*UTF8*$!
{
	archiveVersion = 1;
	classes = {
	};
	objectVersion = 50;
	objects = {

/* Begin PBXBuildFile section */
		E557E20120B94B8900C10E1F /* SplashViewController.swift in Sources */ = {isa = PBXBuildFile; fileRef = E557E20020B94B8900C10E1F /* SplashViewController.swift */; };
		E557E20320B9EB3C00C10E1F /* UIView+Extension.swift in Sources */ = {isa = PBXBuildFile; fileRef = E557E20220B9EB3C00C10E1F /* UIView+Extension.swift */; };
		E557E20520B9F44000C10E1F /* Constants.swift in Sources */ = {isa = PBXBuildFile; fileRef = E557E20420B9F44000C10E1F /* Constants.swift */; };
		E565F28420BADA7C0055A7F5 /* SignUpViewController.swift in Sources */ = {isa = PBXBuildFile; fileRef = E565F28320BADA7C0055A7F5 /* SignUpViewController.swift */; };
		E56998D920B922850037B956 /* AppDelegate.swift in Sources */ = {isa = PBXBuildFile; fileRef = E56998D820B922850037B956 /* AppDelegate.swift */; };
		E56998DB20B922850037B956 /* ViewController.swift in Sources */ = {isa = PBXBuildFile; fileRef = E56998DA20B922850037B956 /* ViewController.swift */; };
		E56998DE20B922850037B956 /* Main.storyboard in Resources */ = {isa = PBXBuildFile; fileRef = E56998DC20B922850037B956 /* Main.storyboard */; };
		E56998E020B922890037B956 /* Assets.xcassets in Resources */ = {isa = PBXBuildFile; fileRef = E56998DF20B922890037B956 /* Assets.xcassets */; };
		E56998E320B922890037B956 /* LaunchScreen.storyboard in Resources */ = {isa = PBXBuildFile; fileRef = E56998E120B922890037B956 /* LaunchScreen.storyboard */; };
		E59E247020BB2EB4007C796B /* circularbold.ttf in Resources */ = {isa = PBXBuildFile; fileRef = E59E246E20BB2E71007C796B /* circularbold.ttf */; };
		E59E247120BB2EB6007C796B /* circular_medium.ttf in Resources */ = {isa = PBXBuildFile; fileRef = E59E246D20BB2E71007C796B /* circular_medium.ttf */; };
		E59E247220BB2EB9007C796B /* circular_book.ttf in Resources */ = {isa = PBXBuildFile; fileRef = E59E246F20BB2E71007C796B /* circular_book.ttf */; };
		E59E247420BB4B5A007C796B /* OtpViewController.swift in Sources */ = {isa = PBXBuildFile; fileRef = E59E247320BB4B5A007C796B /* OtpViewController.swift */; };
/* End PBXBuildFile section */

/* Begin PBXFileReference section */
		E557E20020B94B8900C10E1F /* SplashViewController.swift */ = {isa = PBXFileReference; lastKnownFileType = sourcecode.swift; path = SplashViewController.swift; sourceTree = "<group>"; };
		E557E20220B9EB3C00C10E1F /* UIView+Extension.swift */ = {isa = PBXFileReference; lastKnownFileType = sourcecode.swift; path = "UIView+Extension.swift"; sourceTree = "<group>"; };
		E557E20420B9F44000C10E1F /* Constants.swift */ = {isa = PBXFileReference; fileEncoding = 4; lastKnownFileType = sourcecode.swift; name = Constants.swift; path = ../../../Downloads/Constants.swift; sourceTree = "<group>"; };
		E565F28320BADA7C0055A7F5 /* SignUpViewController.swift */ = {isa = PBXFileReference; lastKnownFileType = sourcecode.swift; path = SignUpViewController.swift; sourceTree = "<group>"; };
		E56998D520B922850037B956 /* Quizrr.app */ = {isa = PBXFileReference; explicitFileType = wrapper.application; includeInIndex = 0; path = Quizrr.app; sourceTree = BUILT_PRODUCTS_DIR; };
		E56998D820B922850037B956 /* AppDelegate.swift */ = {isa = PBXFileReference; lastKnownFileType = sourcecode.swift; path = AppDelegate.swift; sourceTree = "<group>"; };
		E56998DA20B922850037B956 /* ViewController.swift */ = {isa = PBXFileReference; lastKnownFileType = sourcecode.swift; path = ViewController.swift; sourceTree = "<group>"; };
		E56998DD20B922850037B956 /* Base */ = {isa = PBXFileReference; lastKnownFileType = file.storyboard; name = Base; path = Base.lproj/Main.storyboard; sourceTree = "<group>"; };
		E56998DF20B922890037B956 /* Assets.xcassets */ = {isa = PBXFileReference; lastKnownFileType = folder.assetcatalog; path = Assets.xcassets; sourceTree = "<group>"; };
		E56998E220B922890037B956 /* Base */ = {isa = PBXFileReference; lastKnownFileType = file.storyboard; name = Base; path = Base.lproj/LaunchScreen.storyboard; sourceTree = "<group>"; };
		E56998E420B922890037B956 /* Info.plist */ = {isa = PBXFileReference; lastKnownFileType = text.plist.xml; path = Info.plist; sourceTree = "<group>"; };
		E59E246D20BB2E71007C796B /* circular_medium.ttf */ = {isa = PBXFileReference; lastKnownFileType = file; path = circular_medium.ttf; sourceTree = "<group>"; };
		E59E246E20BB2E71007C796B /* circularbold.ttf */ = {isa = PBXFileReference; lastKnownFileType = file; path = circularbold.ttf; sourceTree = "<group>"; };
		E59E246F20BB2E71007C796B /* circular_book.ttf */ = {isa = PBXFileReference; lastKnownFileType = file; path = circular_book.ttf; sourceTree = "<group>"; };
		E59E247320BB4B5A007C796B /* OtpViewController.swift */ = {isa = PBXFileReference; lastKnownFileType = sourcecode.swift; path = OtpViewController.swift; sourceTree = "<group>"; };
/* End PBXFileReference section */

/* Begin PBXFrameworksBuildPhase section */
		E56998D220B922850037B956 /* Frameworks */ = {
			isa = PBXFrameworksBuildPhase;
			buildActionMask = 2147483647;
			files = (
			);
			runOnlyForDeploymentPostprocessing = 0;
		};
/* End PBXFrameworksBuildPhase section */

/* Begin PBXGroup section */
		E56998CC20B922850037B956 = {
			isa = PBXGroup;
			children = (
				E56998D720B922850037B956 /* Quizrr */,
				E56998D620B922850037B956 /* Products */,
			);
			sourceTree = "<group>";
		};
		E56998D620B922850037B956 /* Products */ = {
			isa = PBXGroup;
			children = (
				E56998D520B922850037B956 /* Quizrr.app */,
			);
			name = Products;
			sourceTree = "<group>";
		};
		E56998D720B922850037B956 /* Quizrr */ = {
			isa = PBXGroup;
			children = (
				E59E246C20BB2E65007C796B /* Fonts */,
				E56998D820B922850037B956 /* AppDelegate.swift */,
				E56998DA20B922850037B956 /* ViewController.swift */,
				E557E20220B9EB3C00C10E1F /* UIView+Extension.swift */,
				E557E20420B9F44000C10E1F /* Constants.swift */,
				E56998DC20B922850037B956 /* Main.storyboard */,
				E56998DF20B922890037B956 /* Assets.xcassets */,
				E56998E120B922890037B956 /* LaunchScreen.storyboard */,
				E56998E420B922890037B956 /* Info.plist */,
				E557E20020B94B8900C10E1F /* SplashViewController.swift */,
				E565F28320BADA7C0055A7F5 /* SignUpViewController.swift */,
				E59E247320BB4B5A007C796B /* OtpViewController.swift */,
			);
			path = Quizrr;
			sourceTree = "<group>";
		};
		E59E246C20BB2E65007C796B /* Fonts */ = {
			isa = PBXGroup;
			children = (
				E59E246F20BB2E71007C796B /* circular_book.ttf */,
				E59E246D20BB2E71007C796B /* circular_medium.ttf */,
				E59E246E20BB2E71007C796B /* circularbold.ttf */,
			);
			path = Fonts;
			sourceTree = "<group>";
		};
/* End PBXGroup section */

/* Begin PBXNativeTarget section */
		E56998D420B922850037B956 /* Quizrr */ = {
			isa = PBXNativeTarget;
			buildConfigurationList = E56998E720B922890037B956 /* Build configuration list for PBXNativeTarget "Quizrr" */;
			buildPhases = (
				E56998D120B922850037B956 /* Sources */,
				E56998D220B922850037B956 /* Frameworks */,
				E56998D320B922850037B956 /* Resources */,
			);
			buildRules = (
			);
			dependencies = (
			);
			name = Quizrr;
			productName = Quizrr;
			productReference = E56998D520B922850037B956 /* Quizrr.app */;
			productType = "com.apple.product-type.application";
		};
/* End PBXNativeTarget section */

/* Begin PBXProject section */
		E56998CD20B922850037B956 /* Project object */ = {
			isa = PBXProject;
			attributes = {
				LastSwiftUpdateCheck = 0930;
				LastUpgradeCheck = 0930;
				ORGANIZATIONNAME = Quizrr;
				TargetAttributes = {
					E56998D420B922850037B956 = {
						CreatedOnToolsVersion = 9.3.1;
					};
				};
			};
			buildConfigurationList = E56998D020B922850037B956 /* Build configuration list for PBXProject "Quizrr" */;
			compatibilityVersion = "Xcode 9.3";
			developmentRegion = en;
			hasScannedForEncodings = 0;
			knownRegions = (
				en,
				Base,
			);
			mainGroup = E56998CC20B922850037B956;
			productRefGroup = E56998D620B922850037B956 /* Products */;
			projectDirPath = "";
			projectRoot = "";
			targets = (
				E56998D420B922850037B956 /* Quizrr */,
			);
		};
/* End PBXProject section */

/* Begin PBXResourcesBuildPhase section */
		E56998D320B922850037B956 /* Resources */ = {
			isa = PBXResourcesBuildPhase;
			buildActionMask = 2147483647;
			files = (
				E59E247120BB2EB6007C796B /* circular_medium.ttf in Resources */,
				E56998E320B922890037B956 /* LaunchScreen.storyboard in Resources */,
				E56998E020B922890037B956 /* Assets.xcassets in Resources */,
				E59E247020BB2EB4007C796B /* circularbold.ttf in Resources */,
				E59E247220BB2EB9007C796B /* circular_book.ttf in Resources */,
				E56998DE20B922850037B956 /* Main.storyboard in Resources */,
			);
			runOnlyForDeploymentPostprocessing = 0;
		};
/* End PBXResourcesBuildPhase section */

/* Begin PBXSourcesBuildPhase section */
		E56998D120B922850037B956 /* Sources */ = {
			isa = PBXSourcesBuildPhase;
			buildActionMask = 2147483647;
			files = (
				E59E247420BB4B5A007C796B /* OtpViewController.swift in Sources */,
				E565F28420BADA7C0055A7F5 /* SignUpViewController.swift in Sources */,
				E557E20520B9F44000C10E1F /* Constants.swift in Sources */,
				E557E20120B94B8900C10E1F /* SplashViewController.swift in Sources */,
				E56998DB20B922850037B956 /* ViewController.swift in Sources */,
				E557E20320B9EB3C00C10E1F /* UIView+Extension.swift in Sources */,
				E56998D920B922850037B956 /* AppDelegate.swift in Sources */,
			);
			runOnlyForDeploymentPostprocessing = 0;
		};
/* End PBXSourcesBuildPhase section */

/* Begin PBXVariantGroup section */
		E56998DC20B922850037B956 /* Main.storyboard */ = {
			isa = PBXVariantGroup;
			children = (
				E56998DD20B922850037B956 /* Base */,
			);
			name = Main.storyboard;
			sourceTree = "<group>";
		};
		E56998E120B922890037B956 /* LaunchScreen.storyboard */ = {
			isa = PBXVariantGroup;
			children = (
				E56998E220B922890037B956 /* Base */,
			);
			name = LaunchScreen.storyboard;
			sourceTree = "<group>";
		};
/* End PBXVariantGroup section */

/* Begin XCBuildConfiguration section */
		E56998E520B922890037B956 /* Debug */ = {
			isa = XCBuildConfiguration;
			buildSettings = {
				ALWAYS_SEARCH_USER_PATHS = NO;
				CLANG_ANALYZER_NONNULL = YES;
				CLANG_ANALYZER_NUMBER_OBJECT_CONVERSION = YES_AGGRESSIVE;
				CLANG_CXX_LANGUAGE_STANDARD = "gnu++14";
				CLANG_CXX_LIBRARY = "libc++";
				CLANG_ENABLE_MODULES = YES;
				CLANG_ENABLE_OBJC_ARC = YES;
				CLANG_ENABLE_OBJC_WEAK = YES;
				CLANG_WARN_BLOCK_CAPTURE_AUTORELEASING = YES;
				CLANG_WARN_BOOL_CONVERSION = YES;
				CLANG_WARN_COMMA = YES;
				CLANG_WARN_CONSTANT_CONVERSION = YES;
				CLANG_WARN_DEPRECATED_OBJC_IMPLEMENTATIONS = YES;
				CLANG_WARN_DIRECT_OBJC_ISA_USAGE = YES_ERROR;
				CLANG_WARN_DOCUMENTATION_COMMENTS = YES;
				CLANG_WARN_EMPTY_BODY = YES;
				CLANG_WARN_ENUM_CONVERSION = YES;
				CLANG_WARN_INFINITE_RECURSION = YES;
				CLANG_WARN_INT_CONVERSION = YES;
				CLANG_WARN_NON_LITERAL_NULL_CONVERSION = YES;
				CLANG_WARN_OBJC_IMPLICIT_RETAIN_SELF = YES;
				CLANG_WARN_OBJC_LITERAL_CONVERSION = YES;
				CLANG_WARN_OBJC_ROOT_CLASS = YES_ERROR;
				CLANG_WARN_RANGE_LOOP_ANALYSIS = YES;
				CLANG_WARN_STRICT_PROTOTYPES = YES;
				CLANG_WARN_SUSPICIOUS_MOVE = YES;
				CLANG_WARN_UNGUARDED_AVAILABILITY = YES_AGGRESSIVE;
				CLANG_WARN_UNREACHABLE_CODE = YES;
				CLANG_WARN__DUPLICATE_METHOD_MATCH = YES;
				CODE_SIGN_IDENTITY = "iPhone Developer";
				COPY_PHASE_STRIP = NO;
				DEBUG_INFORMATION_FORMAT = dwarf;
				ENABLE_STRICT_OBJC_MSGSEND = YES;
				ENABLE_TESTABILITY = YES;
				GCC_C_LANGUAGE_STANDARD = gnu11;
				GCC_DYNAMIC_NO_PIC = NO;
				GCC_NO_COMMON_BLOCKS = YES;
				GCC_OPTIMIZATION_LEVEL = 0;
				GCC_PREPROCESSOR_DEFINITIONS = (
					"DEBUG=1",
					"$(inherited)",
				);
				GCC_WARN_64_TO_32_BIT_CONVERSION = YES;
				GCC_WARN_ABOUT_RETURN_TYPE = YES_ERROR;
				GCC_WARN_UNDECLARED_SELECTOR = YES;
				GCC_WARN_UNINITIALIZED_AUTOS = YES_AGGRESSIVE;
				GCC_WARN_UNUSED_FUNCTION = YES;
				GCC_WARN_UNUSED_VARIABLE = YES;
				IPHONEOS_DEPLOYMENT_TARGET = 11.3;
				MTL_ENABLE_DEBUG_INFO = YES;
				ONLY_ACTIVE_ARCH = YES;
				SDKROOT = iphoneos;
				SWIFT_ACTIVE_COMPILATION_CONDITIONS = DEBUG;
				SWIFT_OPTIMIZATION_LEVEL = "-Onone";
			};
			name = Debug;
		};
		E56998E620B922890037B956 /* Release */ = {
			isa = XCBuildConfiguration;
			buildSettings = {
				ALWAYS_SEARCH_USER_PATHS = NO;
				CLANG_ANALYZER_NONNULL = YES;
				CLANG_ANALYZER_NUMBER_OBJECT_CONVERSION = YES_AGGRESSIVE;
				CLANG_CXX_LANGUAGE_STANDARD = "gnu++14";
				CLANG_CXX_LIBRARY = "libc++";
				CLANG_ENABLE_MODULES = YES;
				CLANG_ENABLE_OBJC_ARC = YES;
				CLANG_ENABLE_OBJC_WEAK = YES;
				CLANG_WARN_BLOCK_CAPTURE_AUTORELEASING = YES;
				CLANG_WARN_BOOL_CONVERSION = YES;
				CLANG_WARN_COMMA = YES;
				CLANG_WARN_CONSTANT_CONVERSION = YES;
				CLANG_WARN_DEPRECATED_OBJC_IMPLEMENTATIONS = YES;
				CLANG_WARN_DIRECT_OBJC_ISA_USAGE = YES_ERROR;
				CLANG_WARN_DOCUMENTATION_COMMENTS = YES;
				CLANG_WARN_EMPTY_BODY = YES;
				CLANG_WARN_ENUM_CONVERSION = YES;
				CLANG_WARN_INFINITE_RECURSION = YES;
				CLANG_WARN_INT_CONVERSION = YES;
				CLANG_WARN_NON_LITERAL_NULL_CONVERSION = YES;
				CLANG_WARN_OBJC_IMPLICIT_RETAIN_SELF = YES;
				CLANG_WARN_OBJC_LITERAL_CONVERSION = YES;
				CLANG_WARN_OBJC_ROOT_CLASS = YES_ERROR;
				CLANG_WARN_RANGE_LOOP_ANALYSIS = YES;
				CLANG_WARN_STRICT_PROTOTYPES = YES;
				CLANG_WARN_SUSPICIOUS_MOVE = YES;
				CLANG_WARN_UNGUARDED_AVAILABILITY = YES_AGGRESSIVE;
				CLANG_WARN_UNREACHABLE_CODE = YES;
				CLANG_WARN__DUPLICATE_METHOD_MATCH = YES;
				CODE_SIGN_IDENTITY = "iPhone Developer";
				COPY_PHASE_STRIP = NO;
				DEBUG_INFORMATION_FORMAT = "dwarf-with-dsym";
				ENABLE_NS_ASSERTIONS = NO;
				ENABLE_STRICT_OBJC_MSGSEND = YES;
				GCC_C_LANGUAGE_STANDARD = gnu11;
				GCC_NO_COMMON_BLOCKS = YES;
				GCC_WARN_64_TO_32_BIT_CONVERSION = YES;
				GCC_WARN_ABOUT_RETURN_TYPE = YES_ERROR;
				GCC_WARN_UNDECLARED_SELECTOR = YES;
				GCC_WARN_UNINITIALIZED_AUTOS = YES_AGGRESSIVE;
				GCC_WARN_UNUSED_FUNCTION = YES;
				GCC_WARN_UNUSED_VARIABLE = YES;
				IPHONEOS_DEPLOYMENT_TARGET = 11.3;
				MTL_ENABLE_DEBUG_INFO = NO;
				SDKROOT = iphoneos;
				SWIFT_COMPILATION_MODE = wholemodule;
				SWIFT_OPTIMIZATION_LEVEL = "-O";
				VALIDATE_PRODUCT = YES;
			};
			name = Release;
		};
		E56998E820B922890037B956 /* Debug */ = {
			isa = XCBuildConfiguration;
			buildSettings = {
				ASSETCATALOG_COMPILER_APPICON_NAME = AppIcon;
				CODE_SIGN_STYLE = Automatic;
				INFOPLIST_FILE = Quizrr/Info.plist;
				LD_RUNPATH_SEARCH_PATHS = (
					"$(inherited)",
					"@executable_path/Frameworks",
				);
				PRODUCT_BUNDLE_IDENTIFIER = app.quizrr.Quizrr;
				PRODUCT_NAME = "$(TARGET_NAME)";
				SWIFT_VERSION = 4.0;
				TARGETED_DEVICE_FAMILY = "1,2";
			};
			name = Debug;
		};
		E56998E920B922890037B956 /* Release */ = {
			isa = XCBuildConfiguration;
			buildSettings = {
				ASSETCATALOG_COMPILER_APPICON_NAME = AppIcon;
				CODE_SIGN_STYLE = Automatic;
				INFOPLIST_FILE = Quizrr/Info.plist;
				LD_RUNPATH_SEARCH_PATHS = (
					"$(inherited)",
					"@executable_path/Frameworks",
				);
				PRODUCT_BUNDLE_IDENTIFIER = app.quizrr.Quizrr;
				PRODUCT_NAME = "$(TARGET_NAME)";
				SWIFT_VERSION = 4.0;
				TARGETED_DEVICE_FAMILY = "1,2";
			};
			name = Release;
		};
/* End XCBuildConfiguration section */

/* Begin XCConfigurationList section */
		E56998D020B922850037B956 /* Build configuration list for PBXProject "Quizrr" */ = {
			isa = XCConfigurationList;
			buildConfigurations = (
				E56998E520B922890037B956 /* Debug */,
				E56998E620B922890037B956 /* Release */,
			);
			defaultConfigurationIsVisible = 0;
			defaultConfigurationName = Release;
		};
		E56998E720B922890037B956 /* Build configuration list for PBXNativeTarget "Quizrr" */ = {
			isa = XCConfigurationList;
			buildConfigurations = (
				E56998E820B922890037B956 /* Debug */,
				E56998E920B922890037B956 /* Release */,
			);
			defaultConfigurationIsVisible = 0;
			defaultConfigurationName = Release;
		};
/* End XCConfigurationList section */
	};
	rootObject = E56998CD20B922850037B956 /* Project object */;
}
